
Microsoft Visual Studio Solution File, Format Version 12.00
# Visual Studio Version 16
VisualStudioVersion = 16.0.30011.22
MinimumVisualStudioVersion = 10.0.40219.1
Project("{2150E333-8FDC-42A3-9474-1A3956D46DE8}") = "1. Application", "1. Application", "{B6401ACC-526F-4F64-8C56-A09349AC99DD}"
EndProject
Project("{2150E333-8FDC-42A3-9474-1A3956D46DE8}") = "3. Service", "3. Service", "{96D1A38B-2AE2-4465-ADA6-5752769390BF}"
EndProject
Project("{2150E333-8FDC-42A3-9474-1A3956D46DE8}") = "4. Infra", "4. Infra", "{B51A0E20-7B84-4688-87AC-5D231A6FAA2E}"
EndProject
Project("{2150E333-8FDC-42A3-9474-1A3956D46DE8}") = "4.1. Data", "4.1. Data", "{DE7B26CC-5689-4CB3-93A6-70DA16F469AE}"
EndProject
Project("{9A19103F-16F7-4668-BE54-9A1E7A4F7556}") = "Domain", "Domain\Domain.csproj", "{A88EE0F8-4577-4794-8B68-213BFF1D220F}"
EndProject
Project("{9A19103F-16F7-4668-BE54-9A1E7A4F7556}") = "Service", "Service\Service.csproj", "{228D76F1-F7D5-4C55-9820-BAB652E5FDC7}"
EndProject
Project("{9A19103F-16F7-4668-BE54-9A1E7A4F7556}") = "Persistence", "Persistence\Persistence.csproj", "{47A930C8-8369-4D83-ABD1-B00B7EABE5EB}"
EndProject
Project("{9A19103F-16F7-4668-BE54-9A1E7A4F7556}") = "Repository", "Repository\Repository.csproj", "{FCA96588-0C79-41B1-B1C8-7758F02A33C3}"
EndProject
Project("{9A19103F-16F7-4668-BE54-9A1E7A4F7556}") = "WebAPI", "WebAPI\WebAPI.csproj", "{7F8D44EB-7ED2-4DE1-9C19-E15242F8ADB9}"
EndProject
Project("{2150E333-8FDC-42A3-9474-1A3956D46DE8}") = "2. Domain", "2. Domain", "{915F37DB-9919-49CB-BA6D-49C7ECD69258}"
EndProject
Project("{2150E333-8FDC-42A3-9474-1A3956D46DE8}") = "5. Tests", "5. Tests", "{F2942303-50F6-4F11-934E-B38EF5A543A8}"
EndProject
Project("{FAE04EC0-301F-11D3-BF4B-00C04F79EFBC}") = "ApplicationTest", "ApplicationTest\ApplicationTest.csproj", "{88FB1526-9FCC-4EC1-BA8F-2A2A0A215C01}"
EndProject
Project("{FAE04EC0-301F-11D3-BF4B-00C04F79EFBC}") = "Validations", "Validations\Validations.csproj", "{32DDE88F-6EF7-47AA-860B-F4E81AD5FFEF}"
EndProject
Global
	GlobalSection(SolutionConfigurationPlatforms) = preSolution
		Debug|Any CPU = Debug|Any CPU
		Release|Any CPU = Release|Any CPU
	EndGlobalSection
	GlobalSection(ProjectConfigurationPlatforms) = postSolution
		{A88EE0F8-4577-4794-8B68-213BFF1D220F}.Debug|Any CPU.ActiveCfg = Debug|Any CPU
		{A88EE0F8-4577-4794-8B68-213BFF1D220F}.Debug|Any CPU.Build.0 = Debug|Any CPU
		{A88EE0F8-4577-4794-8B68-213BFF1D220F}.Release|Any CPU.ActiveCfg = Release|Any CPU
		{A88EE0F8-4577-4794-8B68-213BFF1D220F}.Release|Any CPU.Build.0 = Release|Any CPU
		{228D76F1-F7D5-4C55-9820-BAB652E5FDC7}.Debug|Any CPU.ActiveCfg = Debug|Any CPU
		{228D76F1-F7D5-4C55-9820-BAB652E5FDC7}.Debug|Any CPU.Build.0 = Debug|Any CPU
		{228D76F1-F7D5-4C55-9820-BAB652E5FDC7}.Release|Any CPU.ActiveCfg = Release|Any CPU
		{228D76F1-F7D5-4C55-9820-BAB652E5FDC7}.Release|Any CPU.Build.0 = Release|Any CPU
		{47A930C8-8369-4D83-ABD1-B00B7EABE5EB}.Debug|Any CPU.ActiveCfg = Debug|Any CPU
		{47A930C8-8369-4D83-ABD1-B00B7EABE5EB}.Debug|Any CPU.Build.0 = Debug|Any CPU
		{47A930C8-8369-4D83-ABD1-B00B7EABE5EB}.Release|Any CPU.ActiveCfg = Release|Any CPU
		{47A930C8-8369-4D83-ABD1-B00B7EABE5EB}.Release|Any CPU.Build.0 = Release|Any CPU
		{FCA96588-0C79-41B1-B1C8-7758F02A33C3}.Debug|Any CPU.ActiveCfg = Debug|Any CPU
		{FCA96588-0C79-41B1-B1C8-7758F02A33C3}.Debug|Any CPU.Build.0 = Debug|Any CPU
		{FCA96588-0C79-41B1-B1C8-7758F02A33C3}.Release|Any CPU.ActiveCfg = Release|Any CPU
		{FCA96588-0C79-41B1-B1C8-7758F02A33C3}.Release|Any CPU.Build.0 = Release|Any CPU
		{7F8D44EB-7ED2-4DE1-9C19-E15242F8ADB9}.Debug|Any CPU.ActiveCfg = Debug|Any CPU
		{7F8D44EB-7ED2-4DE1-9C19-E15242F8ADB9}.Debug|Any CPU.Build.0 = Debug|Any CPU
		{7F8D44EB-7ED2-4DE1-9C19-E15242F8ADB9}.Release|Any CPU.ActiveCfg = Release|Any CPU
		{7F8D44EB-7ED2-4DE1-9C19-E15242F8ADB9}.Release|Any CPU.Build.0 = Release|Any CPU
		{88FB1526-9FCC-4EC1-BA8F-2A2A0A215C01}.Debug|Any CPU.ActiveCfg = Debug|Any CPU
		{88FB1526-9FCC-4EC1-BA8F-2A2A0A215C01}.Debug|Any CPU.Build.0 = Debug|Any CPU
		{88FB1526-9FCC-4EC1-BA8F-2A2A0A215C01}.Release|Any CPU.ActiveCfg = Release|Any CPU
		{88FB1526-9FCC-4EC1-BA8F-2A2A0A215C01}.Release|Any CPU.Build.0 = Release|Any CPU
		{32DDE88F-6EF7-47AA-860B-F4E81AD5FFEF}.Debug|Any CPU.ActiveCfg = Debug|Any CPU
		{32DDE88F-6EF7-47AA-860B-F4E81AD5FFEF}.Debug|Any CPU.Build.0 = Debug|Any CPU
		{32DDE88F-6EF7-47AA-860B-F4E81AD5FFEF}.Release|Any CPU.ActiveCfg = Release|Any CPU
		{32DDE88F-6EF7-47AA-860B-F4E81AD5FFEF}.Release|Any CPU.Build.0 = Release|Any CPU
	EndGlobalSection
	GlobalSection(SolutionProperties) = preSolution
		HideSolutionNode = FALSE
	EndGlobalSection
	GlobalSection(NestedProjects) = preSolution
		{DE7B26CC-5689-4CB3-93A6-70DA16F469AE} = {B51A0E20-7B84-4688-87AC-5D231A6FAA2E}
		{A88EE0F8-4577-4794-8B68-213BFF1D220F} = {915F37DB-9919-49CB-BA6D-49C7ECD69258}
		{228D76F1-F7D5-4C55-9820-BAB652E5FDC7} = {96D1A38B-2AE2-4465-ADA6-5752769390BF}
		{47A930C8-8369-4D83-ABD1-B00B7EABE5EB} = {DE7B26CC-5689-4CB3-93A6-70DA16F469AE}
		{FCA96588-0C79-41B1-B1C8-7758F02A33C3} = {DE7B26CC-5689-4CB3-93A6-70DA16F469AE}
		{7F8D44EB-7ED2-4DE1-9C19-E15242F8ADB9} = {B6401ACC-526F-4F64-8C56-A09349AC99DD}
		{88FB1526-9FCC-4EC1-BA8F-2A2A0A215C01} = {F2942303-50F6-4F11-934E-B38EF5A543A8}
		{32DDE88F-6EF7-47AA-860B-F4E81AD5FFEF} = {96D1A38B-2AE2-4465-ADA6-5752769390BF}
	EndGlobalSection
	GlobalSection(ExtensibilityGlobals) = postSolution
		SolutionGuid = {C3F0F06D-480E-47BB-93E0-FA8B73EB2E79}
	EndGlobalSection
EndGlobal
